
Microsoft Visual Studio Solution File, Format Version 12.00
# Visual Studio Version 17
VisualStudioVersion = 17.6.33829.357
MinimumVisualStudioVersion = 10.0.40219.1
Project("{FAE04EC0-301F-11D3-BF4B-00C04F79EFBC}") = "TodoApi", "TodoApi\TodoApi.csproj", "{65046F94-6DD7-4901-83A1-9E7F613D3A19}"
EndProject
Global
	GlobalSection(SolutionConfigurationPlatforms) = preSolution
		Debug|Any CPU = Debug|Any CPU
		Release|Any CPU = Release|Any CPU
	EndGlobalSection
	GlobalSection(ProjectConfigurationPlatforms) = postSolution
		{65046F94-6DD7-4901-83A1-9E7F613D3A19}.Debug|Any CPU.ActiveCfg = Debug|Any CPU
		{65046F94-6DD7-4901-83A1-9E7F613D3A19}.Debug|Any CPU.Build.0 = Debug|Any CPU
		{65046F94-6DD7-4901-83A1-9E7F613D3A19}.Release|Any CPU.ActiveCfg = Release|Any CPU
		{65046F94-6DD7-4901-83A1-9E7F613D3A19}.Release|Any CPU.Build.0 = Release|Any CPU
	EndGlobalSection
	GlobalSection(SolutionProperties) = preSolution
		HideSolutionNode = FALSE
	EndGlobalSection
	GlobalSection(ExtensibilityGlobals) = postSolution
		SolutionGuid = {AF03815F-2111-4B74-9529-C9382D176D78}
	EndGlobalSection
EndGlobal
